
Microsoft Visual Studio Solution File, Format Version 12.00
# Visual Studio 15
Project("{FAE04EC0-301F-11D3-BF4B-00C04F79EFBC}") = "Base64", "Base64\Base64.csproj", "{A4E0ABE8-EBD2-487D-AA07-68966D02D54F}"
EndProject
Global
	GlobalSection(SolutionConfigurationPlatforms) = preSolution
		Debug|Any CPU = Debug|Any CPU
		Release|Any CPU = Release|Any CPU
	EndGlobalSection
	GlobalSection(ProjectConfigurationPlatforms) = postSolution
		{A4E0ABE8-EBD2-487D-AA07-68966D02D54F}.Debug|Any CPU.ActiveCfg = Debug|Any CPU
		{A4E0ABE8-EBD2-487D-AA07-68966D02D54F}.Debug|Any CPU.Build.0 = Debug|Any CPU
		{A4E0ABE8-EBD2-487D-AA07-68966D02D54F}.Release|Any CPU.ActiveCfg = Release|Any CPU
		{A4E0ABE8-EBD2-487D-AA07-68966D02D54F}.Release|Any CPU.Build.0 = Release|Any CPU
	EndGlobalSection
EndGlobal
